
Microsoft Visual Studio Solution File, Format Version 12.00
# Visual Studio Version 16
VisualStudioVersion = 16.0.32002.261
MinimumVisualStudioVersion = 10.0.40219.1
Project("{FAE04EC0-301F-11D3-BF4B-00C04F79EFBC}") = "SigmaTask18_SortTask", "SigmaTask18_SortTask.csproj", "{39A6794A-B03C-45BF-93C7-2B084AF0D5FF}"
EndProject
Global
	GlobalSection(SolutionConfigurationPlatforms) = preSolution
		Debug|Any CPU = Debug|Any CPU
		Release|Any CPU = Release|Any CPU
	EndGlobalSection
	GlobalSection(ProjectConfigurationPlatforms) = postSolution
		{39A6794A-B03C-45BF-93C7-2B084AF0D5FF}.Debug|Any CPU.ActiveCfg = Debug|Any CPU
		{39A6794A-B03C-45BF-93C7-2B084AF0D5FF}.Debug|Any CPU.Build.0 = Debug|Any CPU
		{39A6794A-B03C-45BF-93C7-2B084AF0D5FF}.Release|Any CPU.ActiveCfg = Release|Any CPU
		{39A6794A-B03C-45BF-93C7-2B084AF0D5FF}.Release|Any CPU.Build.0 = Release|Any CPU
	EndGlobalSection
	GlobalSection(SolutionProperties) = preSolution
		HideSolutionNode = FALSE
	EndGlobalSection
	GlobalSection(ExtensibilityGlobals) = postSolution
		SolutionGuid = {A1D8A2A2-71BA-44E3-B502-2446756A596B}
	EndGlobalSection
EndGlobal
